
Microsoft Visual Studio Solution File, Format Version 12.00
# Visual Studio Version 17
VisualStudioVersion = 17.8.34511.84
MinimumVisualStudioVersion = 10.0.40219.1
Project("{FAE04EC0-301F-11D3-BF4B-00C04F79EFBC}") = "VerificationSystem", "VerificationSystem\VerificationSystem.csproj", "{3EBA5F0F-85E7-46D3-AFDD-E64AFBEF3292}"
EndProject
Global
	GlobalSection(SolutionConfigurationPlatforms) = preSolution
		Debug|Any CPU = Debug|Any CPU
		Release|Any CPU = Release|Any CPU
	EndGlobalSection
	GlobalSection(ProjectConfigurationPlatforms) = postSolution
		{3EBA5F0F-85E7-46D3-AFDD-E64AFBEF3292}.Debug|Any CPU.ActiveCfg = Debug|Any CPU
		{3EBA5F0F-85E7-46D3-AFDD-E64AFBEF3292}.Debug|Any CPU.Build.0 = Debug|Any CPU
		{3EBA5F0F-85E7-46D3-AFDD-E64AFBEF3292}.Release|Any CPU.ActiveCfg = Release|Any CPU
		{3EBA5F0F-85E7-46D3-AFDD-E64AFBEF3292}.Release|Any CPU.Build.0 = Release|Any CPU
	EndGlobalSection
	GlobalSection(SolutionProperties) = preSolution
		HideSolutionNode = FALSE
	EndGlobalSection
	GlobalSection(ExtensibilityGlobals) = postSolution
		SolutionGuid = {A897397B-C660-417F-A6E6-7499103EA98A}
	EndGlobalSection
EndGlobal
